# Generated by pub
# See https://dart.dev/tools/pub/glossary#lockfile
packages:
  ansi_styles:
    dependency: transitive
    description:
      name: ansi_styles
      sha256: "9c656cc12b3c27b17dd982b2cc5c0cfdfbdabd7bc8f3ae5e8542d9867b47ce8a"
      url: "https://pub.dev"
    source: hosted
    version: "0.3.2+1"
  args:
    dependency: transitive
    description:
      name: args
      sha256: d0481093c50b1da8910eb0bb301626d4d8eb7284aa739614d2b394ee09e3ea04
      url: "https://pub.dev"
    source: hosted
    version: "2.7.0"
  async:
    dependency: transitive
    description:
      name: async
      sha256: "758e6d74e971c3e5aceb4110bfd6698efc7f501675bcfe0c775459a8140750eb"
      url: "https://pub.dev"
    source: hosted
    version: "2.13.0"
  boolean_selector:
    dependency: transitive
    description:
      name: boolean_selector
      sha256: "8aab1771e1243a5063b8b0ff68042d67334e3feab9e95b9490f9a6ebf73b42ea"
      url: "https://pub.dev"
    source: hosted
    version: "2.1.2"
  charcode:
    dependency: transitive
    description:
      name: charcode
      sha256: fb0f1107cac15a5ea6ef0a6ef71a807b9e4267c713bb93e00e92d737cc8dbd8a
      url: "https://pub.dev"
    source: hosted
    version: "1.4.0"
  cli_launcher:
    dependency: transitive
    description:
      name: cli_launcher
      sha256: "5e7e0282b79e8642edd6510ee468ae2976d847a0a29b3916e85f5fa1bfe24005"
      url: "https://pub.dev"
    source: hosted
    version: "0.3.1"
  cli_util:
    dependency: transitive
    description:
      name: cli_util
      sha256: ff6785f7e9e3c38ac98b2fb035701789de90154024a75b6cb926445e83197d1c
      url: "https://pub.dev"
    source: hosted
    version: "0.4.2"
  collection:
    dependency: transitive
    description:
      name: collection
      sha256: "2f5709ae4d3d59dd8f7cd309b4e023046b57d8a6c82130785d2b0e5868084e76"
      url: "https://pub.dev"
    source: hosted
    version: "1.19.1"
  conventional_commit:
    dependency: transitive
    description:
      name: conventional_commit
      sha256: fad254feb6fb8eace2be18855176b0a4b97e0d50e416ff0fe590d5ba83735d34
      url: "https://pub.dev"
    source: hosted
    version: "0.6.1"
  file:
    dependency: transitive
    description:
      name: file
      sha256: "1b92bec4fc2a72f59a8e15af5f52cd441e4a7860b49499d69dfa817af20e925d"
      url: "https://pub.dev"
    source: hosted
    version: "6.1.4"
  glob:
    dependency: transitive
    description:
      name: glob
      sha256: c3f1ee72c96f8f78935e18aa8cecced9ab132419e8625dc187e1c2408efc20de
      url: "https://pub.dev"
    source: hosted
    version: "2.1.3"
  graphs:
    dependency: transitive
    description:
      name: graphs
      sha256: "741bbf84165310a68ff28fe9e727332eef1407342fca52759cb21ad8177bb8d0"
      url: "https://pub.dev"
    source: hosted
    version: "2.3.2"
  http:
    dependency: transitive
    description:
      name: http
      sha256: "2c11f3f94c687ee9bad77c171151672986360b2b001d109814ee7140b2cf261b"
      url: "https://pub.dev"
    source: hosted
    version: "1.4.0"
  http_parser:
    dependency: transitive
    description:
      name: http_parser
      sha256: "178d74305e7866013777bab2c3d8726205dc5a4dd935297175b19a23a2e66571"
      url: "https://pub.dev"
    source: hosted
    version: "4.1.2"
  io:
    dependency: transitive
    description:
      name: io
      sha256: dfd5a80599cf0165756e3181807ed3e77daf6dd4137caaad72d0b7931597650b
      url: "https://pub.dev"
    source: hosted
    version: "1.0.5"
  json_annotation:
    dependency: transitive
    description:
      name: json_annotation
      sha256: "1ce844379ca14835a50d2f019a3099f419082cfdd231cd86a142af94dd5c6bb1"
      url: "https://pub.dev"
    source: hosted
    version: "4.9.0"
  matcher:
    dependency: transitive
    description:
      name: matcher
      sha256: dc58c723c3c24bf8d3e2d3ad3f2f9d7bd9cf43ec6feaa64181775e60190153f2
      url: "https://pub.dev"
    source: hosted
    version: "0.12.17"
  melos:
    dependency: "direct dev"
    description:
      name: melos
      sha256: "96e64bbade5712c3f010137e195bca9f1b351fac34ab1f322af492ae34032067"
      url: "https://pub.dev"
    source: hosted
    version: "3.4.0"
  meta:
    dependency: transitive
    description:
      name: meta
      sha256: "23f08335362185a5ea2ad3a4e597f1375e78bce8a040df5c600c8d3552ef2394"
      url: "https://pub.dev"
    source: hosted
    version: "1.17.0"
  mustache_template:
    dependency: transitive
    description:
      name: mustache_template
      sha256: a46e26f91445bfb0b60519be280555b06792460b27b19e2b19ad5b9740df5d1c
      url: "https://pub.dev"
    source: hosted
    version: "2.0.0"
  path:
    dependency: transitive
    description:
      name: path
      sha256: "75cca69d1490965be98c73ceaea117e8a04dd21217b37b292c9ddbec0d955bc5"
      url: "https://pub.dev"
    source: hosted
    version: "1.9.1"
  platform:
    dependency: transitive
    description:
      name: platform
      sha256: "5d6b1b0036a5f331ebc77c850ebc8506cbc1e9416c27e59b439f917a902a4984"
      url: "https://pub.dev"
    source: hosted
    version: "3.1.6"
  pool:
    dependency: transitive
    description:
      name: pool
      sha256: "20fe868b6314b322ea036ba325e6fc0711a22948856475e2c2b6306e8ab39c2a"
      url: "https://pub.dev"
    source: hosted
    version: "1.5.1"
  process:
    dependency: transitive
    description:
      name: process
      sha256: "53fd8db9cec1d37b0574e12f07520d582019cb6c44abf5479a01505099a34a09"
      url: "https://pub.dev"
    source: hosted
    version: "4.2.4"
  prompts:
    dependency: transitive
    description:
      name: prompts
      sha256: "3773b845e85a849f01e793c4fc18a45d52d7783b4cb6c0569fad19f9d0a774a1"
      url: "https://pub.dev"
    source: hosted
    version: "2.0.0"
  pub_semver:
    dependency: transitive
    description:
      name: pub_semver
      sha256: "5bfcf68ca79ef689f8990d1160781b4bad40a3bd5e5218ad4076ddb7f4081585"
      url: "https://pub.dev"
    source: hosted
    version: "2.2.0"
  pub_updater:
    dependency: transitive
    description:
      name: pub_updater
      sha256: b06600619c8c219065a548f8f7c192b3e080beff95488ed692780f48f69c0625
      url: "https://pub.dev"
    source: hosted
    version: "0.3.1"
  pubspec:
    dependency: transitive
    description:
      name: pubspec
      sha256: f534a50a2b4d48dc3bc0ec147c8bd7c304280fff23b153f3f11803c4d49d927e
      url: "https://pub.dev"
    source: hosted
    version: "2.3.0"
  quiver:
    dependency: transitive
    description:
      name: quiver
      sha256: ea0b925899e64ecdfbf9c7becb60d5b50e706ade44a85b2363be2a22d88117d2
      url: "https://pub.dev"
    source: hosted
    version: "3.2.2"
  source_span:
    dependency: transitive
    description:
      name: source_span
      sha256: "254ee5351d6cb365c859e20ee823c3bb479bf4a293c22d17a9f1bf144ce86f7c"
      url: "https://pub.dev"
    source: hosted
    version: "1.10.1"
  stack_trace:
    dependency: transitive
    description:
      name: stack_trace
      sha256: "8b27215b45d22309b5cddda1aa2b19bdfec9df0e765f2de506401c071d38d1b1"
      url: "https://pub.dev"
    source: hosted
    version: "1.12.1"
  stream_channel:
    dependency: transitive
    description:
      name: stream_channel
      sha256: "969e04c80b8bcdf826f8f16579c7b14d780458bd97f56d107d3950fdbeef059d"
      url: "https://pub.dev"
    source: hosted
    version: "2.1.4"
  string_scanner:
    dependency: transitive
    description:
      name: string_scanner
      sha256: "921cd31725b72fe181906c6a94d987c78e3b98c2e205b397ea399d4054872b43"
      url: "https://pub.dev"
    source: hosted
    version: "1.4.1"
  term_glyph:
    dependency: transitive
    description:
      name: term_glyph
      sha256: "7f554798625ea768a7518313e58f83891c7f5024f88e46e7182a4558850a4b8e"
      url: "https://pub.dev"
    source: hosted
    version: "1.2.2"
  test_api:
    dependency: transitive
    description:
      name: test_api
      sha256: "522f00f556e73044315fa4585ec3270f1808a4b186c936e612cab0b565ff1e00"
      url: "https://pub.dev"
    source: hosted
    version: "0.7.6"
  typed_data:
    dependency: transitive
    description:
      name: typed_data
      sha256: f9049c039ebfeb4cf7a7104a675823cd72dba8297f264b6637062516699fa006
      url: "https://pub.dev"
    source: hosted
    version: "1.4.0"
  uri:
    dependency: transitive
    description:
      name: uri
      sha256: "889eea21e953187c6099802b7b4cf5219ba8f3518f604a1033064d45b1b8268a"
      url: "https://pub.dev"
    source: hosted
    version: "1.0.0"
  web:
    dependency: transitive
    description:
      name: web
      sha256: "868d88a33d8a87b18ffc05f9f030ba328ffefba92d6c127917a2ba740f9cfe4a"
      url: "https://pub.dev"
    source: hosted
    version: "1.1.1"
  yaml:
    dependency: transitive
    description:
      name: yaml
      sha256: b9da305ac7c39faa3f030eccd175340f968459dae4af175130b3fc47e40d76ce
      url: "https://pub.dev"
    source: hosted
    version: "3.1.3"
  yaml_edit:
    dependency: transitive
    description:
      name: yaml_edit
      sha256: fb38626579fb345ad00e674e2af3a5c9b0cc4b9bfb8fd7f7ff322c7c9e62aef5
      url: "https://pub.dev"
    source: hosted
    version: "2.2.2"
sdks:
  dart: ">=3.6.0 <4.0.0"
